{
  "name": "traceroute",
  "version": "1.0.0",
  "lockfileVersion": 1,
  "requires": true,
  "dependencies": {
    "dns-then": {
      "version": "0.1.0",
      "resolved": "https://registry.npmjs.org/dns-then/-/dns-then-0.1.0.tgz",
      "integrity": "sha1-xXOo7RA8p0kuBwUHy/qyexXqsfQ=",
      "dev": true,
      "requires": {
        "node-then": "~0.1"
      }
    },
    "nan": {
      "version": "2.10.0",
      "resolved": "https://registry.npmjs.org/nan/-/nan-2.10.0.tgz",
      "integrity": "sha512-bAdJv7fBLhWC+/Bls0Oza+mvTaNQtP+1RyhhhvD95pgUJz6XM5IzgmxOkItJ9tkoCiplvAnXI1tNmmUD/eScyA==",
      "dev": true
    },
    "node-then": {
      "version": "0.1.0",
      "resolved": "https://registry.npmjs.org/node-then/-/node-then-0.1.0.tgz",
      "integrity": "sha1-rxqJUSyuZwCCI48fktbLgLdflNI=",
      "dev": true,
      "requires": {
        "when": "~2.2"
      }
    },
    "raw-socket": {
      "version": "1.6.0",
      "resolved": "https://registry.npmjs.org/raw-socket/-/raw-socket-1.6.0.tgz",
      "integrity": "sha512-+R5vkxkuBndQGvwin0x+8ELNg5mSnjJh3ogNaFdjTRUCvB6sH7nsmXlUXOs8XSOCmloQ+OEXQmmDXwlG3FFkhA==",
      "dev": true,
      "requires": {
        "nan": "2.10.*"
      }
    },
    "when": {
      "version": "2.2.1",
      "resolved": "https://registry.npmjs.org/when/-/when-2.2.1.tgz",
      "integrity": "sha1-sd75lAFzULgIf26adZarKDO9xxI=",
      "dev": true
    }
  }
}
